
Microsoft Visual Studio Solution File, Format Version 12.00
# Visual Studio 15
VisualStudioVersion = 15.0.28010.2026
MinimumVisualStudioVersion = 10.0.40219.1
Project("{F184B08F-C81C-45F6-A57F-5ABD9991F28F}") = "WaifuGuards", "WaifuGuards\WaifuGuards.vbproj", "{E5E767C2-933C-484E-82C7-9AB32BB0738B}"
EndProject
Project("{F184B08F-C81C-45F6-A57F-5ABD9991F28F}") = "NearbyPeds", "NearbyPeds\NearbyPeds.vbproj", "{900AA43A-4DF7-466C-BC4D-A58281896D6D}"
EndProject
Global
	GlobalSection(SolutionConfigurationPlatforms) = preSolution
		Debug|Any CPU = Debug|Any CPU
		Debug|x64 = Debug|x64
		GTAV-plugin-release|Any CPU = GTAV-plugin-release|Any CPU
		GTAV-plugin-release|x64 = GTAV-plugin-release|x64
		Release|Any CPU = Release|Any CPU
		Release|x64 = Release|x64
	EndGlobalSection
	GlobalSection(ProjectConfigurationPlatforms) = postSolution
		{E5E767C2-933C-484E-82C7-9AB32BB0738B}.Debug|Any CPU.ActiveCfg = GTAV-plugin-release|Any CPU
		{E5E767C2-933C-484E-82C7-9AB32BB0738B}.Debug|Any CPU.Build.0 = GTAV-plugin-release|Any CPU
		{E5E767C2-933C-484E-82C7-9AB32BB0738B}.Debug|x64.ActiveCfg = GTAV-plugin-release|x64
		{E5E767C2-933C-484E-82C7-9AB32BB0738B}.Debug|x64.Build.0 = GTAV-plugin-release|x64
		{E5E767C2-933C-484E-82C7-9AB32BB0738B}.GTAV-plugin-release|Any CPU.ActiveCfg = GTAV-plugin-release|Any CPU
		{E5E767C2-933C-484E-82C7-9AB32BB0738B}.GTAV-plugin-release|Any CPU.Build.0 = GTAV-plugin-release|Any CPU
		{E5E767C2-933C-484E-82C7-9AB32BB0738B}.GTAV-plugin-release|x64.ActiveCfg = GTAV-plugin-release|x64
		{E5E767C2-933C-484E-82C7-9AB32BB0738B}.GTAV-plugin-release|x64.Build.0 = GTAV-plugin-release|x64
		{E5E767C2-933C-484E-82C7-9AB32BB0738B}.Release|Any CPU.ActiveCfg = GTAV-plugin-release|Any CPU
		{E5E767C2-933C-484E-82C7-9AB32BB0738B}.Release|Any CPU.Build.0 = GTAV-plugin-release|Any CPU
		{E5E767C2-933C-484E-82C7-9AB32BB0738B}.Release|x64.ActiveCfg = GTAV-plugin-release|x64
		{E5E767C2-933C-484E-82C7-9AB32BB0738B}.Release|x64.Build.0 = GTAV-plugin-release|x64
		{900AA43A-4DF7-466C-BC4D-A58281896D6D}.Debug|Any CPU.ActiveCfg = GTAV-plugin-release|Any CPU
		{900AA43A-4DF7-466C-BC4D-A58281896D6D}.Debug|Any CPU.Build.0 = GTAV-plugin-release|Any CPU
		{900AA43A-4DF7-466C-BC4D-A58281896D6D}.Debug|x64.ActiveCfg = GTAV-plugin-release|x64
		{900AA43A-4DF7-466C-BC4D-A58281896D6D}.Debug|x64.Build.0 = GTAV-plugin-release|x64
		{900AA43A-4DF7-466C-BC4D-A58281896D6D}.GTAV-plugin-release|Any CPU.ActiveCfg = GTAV-plugin-release|Any CPU
		{900AA43A-4DF7-466C-BC4D-A58281896D6D}.GTAV-plugin-release|Any CPU.Build.0 = GTAV-plugin-release|Any CPU
		{900AA43A-4DF7-466C-BC4D-A58281896D6D}.GTAV-plugin-release|x64.ActiveCfg = GTAV-plugin-release|x64
		{900AA43A-4DF7-466C-BC4D-A58281896D6D}.GTAV-plugin-release|x64.Build.0 = GTAV-plugin-release|x64
		{900AA43A-4DF7-466C-BC4D-A58281896D6D}.Release|Any CPU.ActiveCfg = GTAV-plugin-release|Any CPU
		{900AA43A-4DF7-466C-BC4D-A58281896D6D}.Release|Any CPU.Build.0 = GTAV-plugin-release|Any CPU
		{900AA43A-4DF7-466C-BC4D-A58281896D6D}.Release|x64.ActiveCfg = GTAV-plugin-release|x64
		{900AA43A-4DF7-466C-BC4D-A58281896D6D}.Release|x64.Build.0 = GTAV-plugin-release|x64
	EndGlobalSection
	GlobalSection(SolutionProperties) = preSolution
		HideSolutionNode = FALSE
	EndGlobalSection
	GlobalSection(ExtensibilityGlobals) = postSolution
		SolutionGuid = {8AC9F196-A934-498D-A967-3D76683D2202}
	EndGlobalSection
EndGlobal
