
Microsoft Visual Studio Solution File, Format Version 12.00
# Visual Studio 15
VisualStudioVersion = 15.0.28010.2041
MinimumVisualStudioVersion = 10.0.40219.1
Project("{F184B08F-C81C-45F6-A57F-5ABD9991F28F}") = "MultiplexPlayer", "scripts\MultiplexPlayer.vbproj", "{2113DE5C-ABD3-4F25-870E-502D64244EC4}"
EndProject
Project("{F184B08F-C81C-45F6-A57F-5ABD9991F28F}") = "Protocols", "Protocols\Protocols.vbproj", "{A526B34F-25CF-43A3-AA1F-3553253C786E}"
EndProject
Project("{F184B08F-C81C-45F6-A57F-5ABD9991F28F}") = "Server", "Server\Server.vbproj", "{5A382E58-BFFB-47E9-867B-5781E2FE601C}"
EndProject
Project("{F184B08F-C81C-45F6-A57F-5ABD9991F28F}") = "47-dotnet_Microsoft.VisualBasic", "VB\47-dotnet_Microsoft.VisualBasic.vbproj", "{FECCE1FD-E1D4-49E3-A668-60BB5E7AED99}"
EndProject
Global
	GlobalSection(SolutionConfigurationPlatforms) = preSolution
		Biodeep_UNIX_x64|Any CPU = Biodeep_UNIX_x64|Any CPU
		Biodeep_UNIX_x64|x64 = Biodeep_UNIX_x64|x64
		Biodeep_UNIX_x64|x86 = Biodeep_UNIX_x64|x86
		Biodeep|Any CPU = Biodeep|Any CPU
		Biodeep|x64 = Biodeep|x64
		Biodeep|x86 = Biodeep|x86
		Biostack|Any CPU = Biostack|Any CPU
		Biostack|x64 = Biostack|x64
		Biostack|x86 = Biostack|x86
		Biostack-Debug|Any CPU = Biostack-Debug|Any CPU
		Biostack-Debug|x64 = Biostack-Debug|x64
		Biostack-Debug|x86 = Biostack-Debug|x86
		Debug|Any CPU = Debug|Any CPU
		Debug|x64 = Debug|x64
		Debug|x86 = Debug|x86
		DEMO|Any CPU = DEMO|Any CPU
		DEMO|x64 = DEMO|x64
		DEMO|x86 = DEMO|x86
		docs|Any CPU = docs|Any CPU
		docs|x64 = docs|x64
		docs|x86 = docs|x86
		GCModeller(Release_X64)|Any CPU = GCModeller(Release_X64)|Any CPU
		GCModeller(Release_X64)|x64 = GCModeller(Release_X64)|x64
		GCModeller(Release_X64)|x86 = GCModeller(Release_X64)|x86
		GCModeller(UNIX-Release_X64)|Any CPU = GCModeller(UNIX-Release_X64)|Any CPU
		GCModeller(UNIX-Release_X64)|x64 = GCModeller(UNIX-Release_X64)|x64
		GCModeller(UNIX-Release_X64)|x86 = GCModeller(UNIX-Release_X64)|x86
		installer_x64|Any CPU = installer_x64|Any CPU
		installer_x64|x64 = installer_x64|x64
		installer_x64|x86 = installer_x64|x86
		mysqli_X64_release|Any CPU = mysqli_X64_release|Any CPU
		mysqli_X64_release|x64 = mysqli_X64_release|x64
		mysqli_X64_release|x86 = mysqli_X64_release|x86
		ProteoWizard.d|Any CPU = ProteoWizard.d|Any CPU
		ProteoWizard.d|x64 = ProteoWizard.d|x64
		ProteoWizard.d|x86 = ProteoWizard.d|x86
		Publish|Any CPU = Publish|Any CPU
		Publish|x64 = Publish|x64
		Publish|x86 = Publish|x86
		Release|Any CPU = Release|Any CPU
		Release|x64 = Release|x64
		Release|x86 = Release|x86
		sciBASIC.NET-test-release|Any CPU = sciBASIC.NET-test-release|Any CPU
		sciBASIC.NET-test-release|x64 = sciBASIC.NET-test-release|x64
		sciBASIC.NET-test-release|x86 = sciBASIC.NET-test-release|x86
		Surveillance-of-infectious-diseases|Any CPU = Surveillance-of-infectious-diseases|Any CPU
		Surveillance-of-infectious-diseases|x64 = Surveillance-of-infectious-diseases|x64
		Surveillance-of-infectious-diseases|x86 = Surveillance-of-infectious-diseases|x86
		Yilia-Release_x64|Any CPU = Yilia-Release_x64|Any CPU
		Yilia-Release_x64|x64 = Yilia-Release_x64|x64
		Yilia-Release_x64|x86 = Yilia-Release_x64|x86
	EndGlobalSection
	GlobalSection(ProjectConfigurationPlatforms) = postSolution
		{2113DE5C-ABD3-4F25-870E-502D64244EC4}.Biodeep_UNIX_x64|Any CPU.ActiveCfg = Release|Any CPU
		{2113DE5C-ABD3-4F25-870E-502D64244EC4}.Biodeep_UNIX_x64|Any CPU.Build.0 = Release|Any CPU
		{2113DE5C-ABD3-4F25-870E-502D64244EC4}.Biodeep_UNIX_x64|x64.ActiveCfg = Release|Any CPU
		{2113DE5C-ABD3-4F25-870E-502D64244EC4}.Biodeep_UNIX_x64|x64.Build.0 = Release|Any CPU
		{2113DE5C-ABD3-4F25-870E-502D64244EC4}.Biodeep_UNIX_x64|x86.ActiveCfg = Release|Any CPU
		{2113DE5C-ABD3-4F25-870E-502D64244EC4}.Biodeep_UNIX_x64|x86.Build.0 = Release|Any CPU
		{2113DE5C-ABD3-4F25-870E-502D64244EC4}.Biodeep|Any CPU.ActiveCfg = Release|Any CPU
		{2113DE5C-ABD3-4F25-870E-502D64244EC4}.Biodeep|Any CPU.Build.0 = Release|Any CPU
		{2113DE5C-ABD3-4F25-870E-502D64244EC4}.Biodeep|x64.ActiveCfg = Release|Any CPU
		{2113DE5C-ABD3-4F25-870E-502D64244EC4}.Biodeep|x64.Build.0 = Release|Any CPU
		{2113DE5C-ABD3-4F25-870E-502D64244EC4}.Biodeep|x86.ActiveCfg = Release|Any CPU
		{2113DE5C-ABD3-4F25-870E-502D64244EC4}.Biodeep|x86.Build.0 = Release|Any CPU
		{2113DE5C-ABD3-4F25-870E-502D64244EC4}.Biostack|Any CPU.ActiveCfg = Release|Any CPU
		{2113DE5C-ABD3-4F25-870E-502D64244EC4}.Biostack|Any CPU.Build.0 = Release|Any CPU
		{2113DE5C-ABD3-4F25-870E-502D64244EC4}.Biostack|x64.ActiveCfg = Release|Any CPU
		{2113DE5C-ABD3-4F25-870E-502D64244EC4}.Biostack|x64.Build.0 = Release|Any CPU
		{2113DE5C-ABD3-4F25-870E-502D64244EC4}.Biostack|x86.ActiveCfg = Release|Any CPU
		{2113DE5C-ABD3-4F25-870E-502D64244EC4}.Biostack|x86.Build.0 = Release|Any CPU
		{2113DE5C-ABD3-4F25-870E-502D64244EC4}.Biostack-Debug|Any CPU.ActiveCfg = Debug|Any CPU
		{2113DE5C-ABD3-4F25-870E-502D64244EC4}.Biostack-Debug|Any CPU.Build.0 = Debug|Any CPU
		{2113DE5C-ABD3-4F25-870E-502D64244EC4}.Biostack-Debug|x64.ActiveCfg = Debug|Any CPU
		{2113DE5C-ABD3-4F25-870E-502D64244EC4}.Biostack-Debug|x64.Build.0 = Debug|Any CPU
		{2113DE5C-ABD3-4F25-870E-502D64244EC4}.Biostack-Debug|x86.ActiveCfg = Debug|Any CPU
		{2113DE5C-ABD3-4F25-870E-502D64244EC4}.Biostack-Debug|x86.Build.0 = Debug|Any CPU
		{2113DE5C-ABD3-4F25-870E-502D64244EC4}.Debug|Any CPU.ActiveCfg = Debug|Any CPU
		{2113DE5C-ABD3-4F25-870E-502D64244EC4}.Debug|Any CPU.Build.0 = Debug|Any CPU
		{2113DE5C-ABD3-4F25-870E-502D64244EC4}.Debug|x64.ActiveCfg = Debug|Any CPU
		{2113DE5C-ABD3-4F25-870E-502D64244EC4}.Debug|x64.Build.0 = Debug|Any CPU
		{2113DE5C-ABD3-4F25-870E-502D64244EC4}.Debug|x86.ActiveCfg = Debug|Any CPU
		{2113DE5C-ABD3-4F25-870E-502D64244EC4}.Debug|x86.Build.0 = Debug|Any CPU
		{2113DE5C-ABD3-4F25-870E-502D64244EC4}.DEMO|Any CPU.ActiveCfg = Debug|Any CPU
		{2113DE5C-ABD3-4F25-870E-502D64244EC4}.DEMO|Any CPU.Build.0 = Debug|Any CPU
		{2113DE5C-ABD3-4F25-870E-502D64244EC4}.DEMO|x64.ActiveCfg = Debug|Any CPU
		{2113DE5C-ABD3-4F25-870E-502D64244EC4}.DEMO|x64.Build.0 = Debug|Any CPU
		{2113DE5C-ABD3-4F25-870E-502D64244EC4}.DEMO|x86.ActiveCfg = Debug|Any CPU
		{2113DE5C-ABD3-4F25-870E-502D64244EC4}.DEMO|x86.Build.0 = Debug|Any CPU
		{2113DE5C-ABD3-4F25-870E-502D64244EC4}.docs|Any CPU.ActiveCfg = Debug|Any CPU
		{2113DE5C-ABD3-4F25-870E-502D64244EC4}.docs|Any CPU.Build.0 = Debug|Any CPU
		{2113DE5C-ABD3-4F25-870E-502D64244EC4}.docs|x64.ActiveCfg = Debug|Any CPU
		{2113DE5C-ABD3-4F25-870E-502D64244EC4}.docs|x64.Build.0 = Debug|Any CPU
		{2113DE5C-ABD3-4F25-870E-502D64244EC4}.docs|x86.ActiveCfg = Debug|Any CPU
		{2113DE5C-ABD3-4F25-870E-502D64244EC4}.docs|x86.Build.0 = Debug|Any CPU
		{2113DE5C-ABD3-4F25-870E-502D64244EC4}.GCModeller(Release_X64)|Any CPU.ActiveCfg = Release|Any CPU
		{2113DE5C-ABD3-4F25-870E-502D64244EC4}.GCModeller(Release_X64)|Any CPU.Build.0 = Release|Any CPU
		{2113DE5C-ABD3-4F25-870E-502D64244EC4}.GCModeller(Release_X64)|x64.ActiveCfg = Release|Any CPU
		{2113DE5C-ABD3-4F25-870E-502D64244EC4}.GCModeller(Release_X64)|x64.Build.0 = Release|Any CPU
		{2113DE5C-ABD3-4F25-870E-502D64244EC4}.GCModeller(Release_X64)|x86.ActiveCfg = Release|Any CPU
		{2113DE5C-ABD3-4F25-870E-502D64244EC4}.GCModeller(Release_X64)|x86.Build.0 = Release|Any CPU
		{2113DE5C-ABD3-4F25-870E-502D64244EC4}.GCModeller(UNIX-Release_X64)|Any CPU.ActiveCfg = Release|Any CPU
		{2113DE5C-ABD3-4F25-870E-502D64244EC4}.GCModeller(UNIX-Release_X64)|Any CPU.Build.0 = Release|Any CPU
		{2113DE5C-ABD3-4F25-870E-502D64244EC4}.GCModeller(UNIX-Release_X64)|x64.ActiveCfg = Release|Any CPU
		{2113DE5C-ABD3-4F25-870E-502D64244EC4}.GCModeller(UNIX-Release_X64)|x64.Build.0 = Release|Any CPU
		{2113DE5C-ABD3-4F25-870E-502D64244EC4}.GCModeller(UNIX-Release_X64)|x86.ActiveCfg = Release|Any CPU
		{2113DE5C-ABD3-4F25-870E-502D64244EC4}.GCModeller(UNIX-Release_X64)|x86.Build.0 = Release|Any CPU
		{2113DE5C-ABD3-4F25-870E-502D64244EC4}.installer_x64|Any CPU.ActiveCfg = Release|Any CPU
		{2113DE5C-ABD3-4F25-870E-502D64244EC4}.installer_x64|Any CPU.Build.0 = Release|Any CPU
		{2113DE5C-ABD3-4F25-870E-502D64244EC4}.installer_x64|x64.ActiveCfg = Release|Any CPU
		{2113DE5C-ABD3-4F25-870E-502D64244EC4}.installer_x64|x64.Build.0 = Release|Any CPU
		{2113DE5C-ABD3-4F25-870E-502D64244EC4}.installer_x64|x86.ActiveCfg = Release|Any CPU
		{2113DE5C-ABD3-4F25-870E-502D64244EC4}.installer_x64|x86.Build.0 = Release|Any CPU
		{2113DE5C-ABD3-4F25-870E-502D64244EC4}.mysqli_X64_release|Any CPU.ActiveCfg = Release|Any CPU
		{2113DE5C-ABD3-4F25-870E-502D64244EC4}.mysqli_X64_release|Any CPU.Build.0 = Release|Any CPU
		{2113DE5C-ABD3-4F25-870E-502D64244EC4}.mysqli_X64_release|x64.ActiveCfg = Release|Any CPU
		{2113DE5C-ABD3-4F25-870E-502D64244EC4}.mysqli_X64_release|x64.Build.0 = Release|Any CPU
		{2113DE5C-ABD3-4F25-870E-502D64244EC4}.mysqli_X64_release|x86.ActiveCfg = Release|Any CPU
		{2113DE5C-ABD3-4F25-870E-502D64244EC4}.mysqli_X64_release|x86.Build.0 = Release|Any CPU
		{2113DE5C-ABD3-4F25-870E-502D64244EC4}.ProteoWizard.d|Any CPU.ActiveCfg = Release|Any CPU
		{2113DE5C-ABD3-4F25-870E-502D64244EC4}.ProteoWizard.d|Any CPU.Build.0 = Release|Any CPU
		{2113DE5C-ABD3-4F25-870E-502D64244EC4}.ProteoWizard.d|x64.ActiveCfg = Release|Any CPU
		{2113DE5C-ABD3-4F25-870E-502D64244EC4}.ProteoWizard.d|x64.Build.0 = Release|Any CPU
		{2113DE5C-ABD3-4F25-870E-502D64244EC4}.ProteoWizard.d|x86.ActiveCfg = Release|Any CPU
		{2113DE5C-ABD3-4F25-870E-502D64244EC4}.ProteoWizard.d|x86.Build.0 = Release|Any CPU
		{2113DE5C-ABD3-4F25-870E-502D64244EC4}.Publish|Any CPU.ActiveCfg = Release|Any CPU
		{2113DE5C-ABD3-4F25-870E-502D64244EC4}.Publish|Any CPU.Build.0 = Release|Any CPU
		{2113DE5C-ABD3-4F25-870E-502D64244EC4}.Publish|x64.ActiveCfg = Release|Any CPU
		{2113DE5C-ABD3-4F25-870E-502D64244EC4}.Publish|x64.Build.0 = Release|Any CPU
		{2113DE5C-ABD3-4F25-870E-502D64244EC4}.Publish|x86.ActiveCfg = Release|Any CPU
		{2113DE5C-ABD3-4F25-870E-502D64244EC4}.Publish|x86.Build.0 = Release|Any CPU
		{2113DE5C-ABD3-4F25-870E-502D64244EC4}.Release|Any CPU.ActiveCfg = Release|Any CPU
		{2113DE5C-ABD3-4F25-870E-502D64244EC4}.Release|Any CPU.Build.0 = Release|Any CPU
		{2113DE5C-ABD3-4F25-870E-502D64244EC4}.Release|x64.ActiveCfg = Release|Any CPU
		{2113DE5C-ABD3-4F25-870E-502D64244EC4}.Release|x64.Build.0 = Release|Any CPU
		{2113DE5C-ABD3-4F25-870E-502D64244EC4}.Release|x86.ActiveCfg = Release|Any CPU
		{2113DE5C-ABD3-4F25-870E-502D64244EC4}.Release|x86.Build.0 = Release|Any CPU
		{2113DE5C-ABD3-4F25-870E-502D64244EC4}.sciBASIC.NET-test-release|Any CPU.ActiveCfg = Release|Any CPU
		{2113DE5C-ABD3-4F25-870E-502D64244EC4}.sciBASIC.NET-test-release|Any CPU.Build.0 = Release|Any CPU
		{2113DE5C-ABD3-4F25-870E-502D64244EC4}.sciBASIC.NET-test-release|x64.ActiveCfg = Release|Any CPU
		{2113DE5C-ABD3-4F25-870E-502D64244EC4}.sciBASIC.NET-test-release|x64.Build.0 = Release|Any CPU
		{2113DE5C-ABD3-4F25-870E-502D64244EC4}.sciBASIC.NET-test-release|x86.ActiveCfg = Release|Any CPU
		{2113DE5C-ABD3-4F25-870E-502D64244EC4}.sciBASIC.NET-test-release|x86.Build.0 = Release|Any CPU
		{2113DE5C-ABD3-4F25-870E-502D64244EC4}.Surveillance-of-infectious-diseases|Any CPU.ActiveCfg = Release|Any CPU
		{2113DE5C-ABD3-4F25-870E-502D64244EC4}.Surveillance-of-infectious-diseases|Any CPU.Build.0 = Release|Any CPU
		{2113DE5C-ABD3-4F25-870E-502D64244EC4}.Surveillance-of-infectious-diseases|x64.ActiveCfg = Release|Any CPU
		{2113DE5C-ABD3-4F25-870E-502D64244EC4}.Surveillance-of-infectious-diseases|x64.Build.0 = Release|Any CPU
		{2113DE5C-ABD3-4F25-870E-502D64244EC4}.Surveillance-of-infectious-diseases|x86.ActiveCfg = Release|Any CPU
		{2113DE5C-ABD3-4F25-870E-502D64244EC4}.Surveillance-of-infectious-diseases|x86.Build.0 = Release|Any CPU
		{2113DE5C-ABD3-4F25-870E-502D64244EC4}.Yilia-Release_x64|Any CPU.ActiveCfg = Release|Any CPU
		{2113DE5C-ABD3-4F25-870E-502D64244EC4}.Yilia-Release_x64|Any CPU.Build.0 = Release|Any CPU
		{2113DE5C-ABD3-4F25-870E-502D64244EC4}.Yilia-Release_x64|x64.ActiveCfg = Release|Any CPU
		{2113DE5C-ABD3-4F25-870E-502D64244EC4}.Yilia-Release_x64|x64.Build.0 = Release|Any CPU
		{2113DE5C-ABD3-4F25-870E-502D64244EC4}.Yilia-Release_x64|x86.ActiveCfg = Release|Any CPU
		{2113DE5C-ABD3-4F25-870E-502D64244EC4}.Yilia-Release_x64|x86.Build.0 = Release|Any CPU
		{A526B34F-25CF-43A3-AA1F-3553253C786E}.Biodeep_UNIX_x64|Any CPU.ActiveCfg = Release|Any CPU
		{A526B34F-25CF-43A3-AA1F-3553253C786E}.Biodeep_UNIX_x64|Any CPU.Build.0 = Release|Any CPU
		{A526B34F-25CF-43A3-AA1F-3553253C786E}.Biodeep_UNIX_x64|x64.ActiveCfg = Release|Any CPU
		{A526B34F-25CF-43A3-AA1F-3553253C786E}.Biodeep_UNIX_x64|x64.Build.0 = Release|Any CPU
		{A526B34F-25CF-43A3-AA1F-3553253C786E}.Biodeep_UNIX_x64|x86.ActiveCfg = Release|Any CPU
		{A526B34F-25CF-43A3-AA1F-3553253C786E}.Biodeep_UNIX_x64|x86.Build.0 = Release|Any CPU
		{A526B34F-25CF-43A3-AA1F-3553253C786E}.Biodeep|Any CPU.ActiveCfg = Release|Any CPU
		{A526B34F-25CF-43A3-AA1F-3553253C786E}.Biodeep|Any CPU.Build.0 = Release|Any CPU
		{A526B34F-25CF-43A3-AA1F-3553253C786E}.Biodeep|x64.ActiveCfg = Release|Any CPU
		{A526B34F-25CF-43A3-AA1F-3553253C786E}.Biodeep|x64.Build.0 = Release|Any CPU
		{A526B34F-25CF-43A3-AA1F-3553253C786E}.Biodeep|x86.ActiveCfg = Release|Any CPU
		{A526B34F-25CF-43A3-AA1F-3553253C786E}.Biodeep|x86.Build.0 = Release|Any CPU
		{A526B34F-25CF-43A3-AA1F-3553253C786E}.Biostack|Any CPU.ActiveCfg = Release|Any CPU
		{A526B34F-25CF-43A3-AA1F-3553253C786E}.Biostack|Any CPU.Build.0 = Release|Any CPU
		{A526B34F-25CF-43A3-AA1F-3553253C786E}.Biostack|x64.ActiveCfg = Release|Any CPU
		{A526B34F-25CF-43A3-AA1F-3553253C786E}.Biostack|x64.Build.0 = Release|Any CPU
		{A526B34F-25CF-43A3-AA1F-3553253C786E}.Biostack|x86.ActiveCfg = Release|Any CPU
		{A526B34F-25CF-43A3-AA1F-3553253C786E}.Biostack|x86.Build.0 = Release|Any CPU
		{A526B34F-25CF-43A3-AA1F-3553253C786E}.Biostack-Debug|Any CPU.ActiveCfg = Debug|Any CPU
		{A526B34F-25CF-43A3-AA1F-3553253C786E}.Biostack-Debug|Any CPU.Build.0 = Debug|Any CPU
		{A526B34F-25CF-43A3-AA1F-3553253C786E}.Biostack-Debug|x64.ActiveCfg = Debug|Any CPU
		{A526B34F-25CF-43A3-AA1F-3553253C786E}.Biostack-Debug|x64.Build.0 = Debug|Any CPU
		{A526B34F-25CF-43A3-AA1F-3553253C786E}.Biostack-Debug|x86.ActiveCfg = Debug|Any CPU
		{A526B34F-25CF-43A3-AA1F-3553253C786E}.Biostack-Debug|x86.Build.0 = Debug|Any CPU
		{A526B34F-25CF-43A3-AA1F-3553253C786E}.Debug|Any CPU.ActiveCfg = Debug|Any CPU
		{A526B34F-25CF-43A3-AA1F-3553253C786E}.Debug|Any CPU.Build.0 = Debug|Any CPU
		{A526B34F-25CF-43A3-AA1F-3553253C786E}.Debug|x64.ActiveCfg = Debug|Any CPU
		{A526B34F-25CF-43A3-AA1F-3553253C786E}.Debug|x64.Build.0 = Debug|Any CPU
		{A526B34F-25CF-43A3-AA1F-3553253C786E}.Debug|x86.ActiveCfg = Debug|Any CPU
		{A526B34F-25CF-43A3-AA1F-3553253C786E}.Debug|x86.Build.0 = Debug|Any CPU
		{A526B34F-25CF-43A3-AA1F-3553253C786E}.DEMO|Any CPU.ActiveCfg = Debug|Any CPU
		{A526B34F-25CF-43A3-AA1F-3553253C786E}.DEMO|Any CPU.Build.0 = Debug|Any CPU
		{A526B34F-25CF-43A3-AA1F-3553253C786E}.DEMO|x64.ActiveCfg = Debug|Any CPU
		{A526B34F-25CF-43A3-AA1F-3553253C786E}.DEMO|x64.Build.0 = Debug|Any CPU
		{A526B34F-25CF-43A3-AA1F-3553253C786E}.DEMO|x86.ActiveCfg = Debug|Any CPU
		{A526B34F-25CF-43A3-AA1F-3553253C786E}.DEMO|x86.Build.0 = Debug|Any CPU
		{A526B34F-25CF-43A3-AA1F-3553253C786E}.docs|Any CPU.ActiveCfg = Debug|Any CPU
		{A526B34F-25CF-43A3-AA1F-3553253C786E}.docs|Any CPU.Build.0 = Debug|Any CPU
		{A526B34F-25CF-43A3-AA1F-3553253C786E}.docs|x64.ActiveCfg = Debug|Any CPU
		{A526B34F-25CF-43A3-AA1F-3553253C786E}.docs|x64.Build.0 = Debug|Any CPU
		{A526B34F-25CF-43A3-AA1F-3553253C786E}.docs|x86.ActiveCfg = Debug|Any CPU
		{A526B34F-25CF-43A3-AA1F-3553253C786E}.docs|x86.Build.0 = Debug|Any CPU
		{A526B34F-25CF-43A3-AA1F-3553253C786E}.GCModeller(Release_X64)|Any CPU.ActiveCfg = Release|Any CPU
		{A526B34F-25CF-43A3-AA1F-3553253C786E}.GCModeller(Release_X64)|Any CPU.Build.0 = Release|Any CPU
		{A526B34F-25CF-43A3-AA1F-3553253C786E}.GCModeller(Release_X64)|x64.ActiveCfg = Release|Any CPU
		{A526B34F-25CF-43A3-AA1F-3553253C786E}.GCModeller(Release_X64)|x64.Build.0 = Release|Any CPU
		{A526B34F-25CF-43A3-AA1F-3553253C786E}.GCModeller(Release_X64)|x86.ActiveCfg = Release|Any CPU
		{A526B34F-25CF-43A3-AA1F-3553253C786E}.GCModeller(Release_X64)|x86.Build.0 = Release|Any CPU
		{A526B34F-25CF-43A3-AA1F-3553253C786E}.GCModeller(UNIX-Release_X64)|Any CPU.ActiveCfg = Release|Any CPU
		{A526B34F-25CF-43A3-AA1F-3553253C786E}.GCModeller(UNIX-Release_X64)|Any CPU.Build.0 = Release|Any CPU
		{A526B34F-25CF-43A3-AA1F-3553253C786E}.GCModeller(UNIX-Release_X64)|x64.ActiveCfg = Release|Any CPU
		{A526B34F-25CF-43A3-AA1F-3553253C786E}.GCModeller(UNIX-Release_X64)|x64.Build.0 = Release|Any CPU
		{A526B34F-25CF-43A3-AA1F-3553253C786E}.GCModeller(UNIX-Release_X64)|x86.ActiveCfg = Release|Any CPU
		{A526B34F-25CF-43A3-AA1F-3553253C786E}.GCModeller(UNIX-Release_X64)|x86.Build.0 = Release|Any CPU
		{A526B34F-25CF-43A3-AA1F-3553253C786E}.installer_x64|Any CPU.ActiveCfg = Release|Any CPU
		{A526B34F-25CF-43A3-AA1F-3553253C786E}.installer_x64|Any CPU.Build.0 = Release|Any CPU
		{A526B34F-25CF-43A3-AA1F-3553253C786E}.installer_x64|x64.ActiveCfg = Release|Any CPU
		{A526B34F-25CF-43A3-AA1F-3553253C786E}.installer_x64|x64.Build.0 = Release|Any CPU
		{A526B34F-25CF-43A3-AA1F-3553253C786E}.installer_x64|x86.ActiveCfg = Release|Any CPU
		{A526B34F-25CF-43A3-AA1F-3553253C786E}.installer_x64|x86.Build.0 = Release|Any CPU
		{A526B34F-25CF-43A3-AA1F-3553253C786E}.mysqli_X64_release|Any CPU.ActiveCfg = Release|Any CPU
		{A526B34F-25CF-43A3-AA1F-3553253C786E}.mysqli_X64_release|Any CPU.Build.0 = Release|Any CPU
		{A526B34F-25CF-43A3-AA1F-3553253C786E}.mysqli_X64_release|x64.ActiveCfg = Release|Any CPU
		{A526B34F-25CF-43A3-AA1F-3553253C786E}.mysqli_X64_release|x64.Build.0 = Release|Any CPU
		{A526B34F-25CF-43A3-AA1F-3553253C786E}.mysqli_X64_release|x86.ActiveCfg = Release|Any CPU
		{A526B34F-25CF-43A3-AA1F-3553253C786E}.mysqli_X64_release|x86.Build.0 = Release|Any CPU
		{A526B34F-25CF-43A3-AA1F-3553253C786E}.ProteoWizard.d|Any CPU.ActiveCfg = Release|Any CPU
		{A526B34F-25CF-43A3-AA1F-3553253C786E}.ProteoWizard.d|Any CPU.Build.0 = Release|Any CPU
		{A526B34F-25CF-43A3-AA1F-3553253C786E}.ProteoWizard.d|x64.ActiveCfg = Release|Any CPU
		{A526B34F-25CF-43A3-AA1F-3553253C786E}.ProteoWizard.d|x64.Build.0 = Release|Any CPU
		{A526B34F-25CF-43A3-AA1F-3553253C786E}.ProteoWizard.d|x86.ActiveCfg = Release|Any CPU
		{A526B34F-25CF-43A3-AA1F-3553253C786E}.ProteoWizard.d|x86.Build.0 = Release|Any CPU
		{A526B34F-25CF-43A3-AA1F-3553253C786E}.Publish|Any CPU.ActiveCfg = Release|Any CPU
		{A526B34F-25CF-43A3-AA1F-3553253C786E}.Publish|Any CPU.Build.0 = Release|Any CPU
		{A526B34F-25CF-43A3-AA1F-3553253C786E}.Publish|x64.ActiveCfg = Release|Any CPU
		{A526B34F-25CF-43A3-AA1F-3553253C786E}.Publish|x64.Build.0 = Release|Any CPU
		{A526B34F-25CF-43A3-AA1F-3553253C786E}.Publish|x86.ActiveCfg = Release|Any CPU
		{A526B34F-25CF-43A3-AA1F-3553253C786E}.Publish|x86.Build.0 = Release|Any CPU
		{A526B34F-25CF-43A3-AA1F-3553253C786E}.Release|Any CPU.ActiveCfg = Release|Any CPU
		{A526B34F-25CF-43A3-AA1F-3553253C786E}.Release|Any CPU.Build.0 = Release|Any CPU
		{A526B34F-25CF-43A3-AA1F-3553253C786E}.Release|x64.ActiveCfg = Release|Any CPU
		{A526B34F-25CF-43A3-AA1F-3553253C786E}.Release|x64.Build.0 = Release|Any CPU
		{A526B34F-25CF-43A3-AA1F-3553253C786E}.Release|x86.ActiveCfg = Release|Any CPU
		{A526B34F-25CF-43A3-AA1F-3553253C786E}.Release|x86.Build.0 = Release|Any CPU
		{A526B34F-25CF-43A3-AA1F-3553253C786E}.sciBASIC.NET-test-release|Any CPU.ActiveCfg = Release|Any CPU
		{A526B34F-25CF-43A3-AA1F-3553253C786E}.sciBASIC.NET-test-release|Any CPU.Build.0 = Release|Any CPU
		{A526B34F-25CF-43A3-AA1F-3553253C786E}.sciBASIC.NET-test-release|x64.ActiveCfg = Release|Any CPU
		{A526B34F-25CF-43A3-AA1F-3553253C786E}.sciBASIC.NET-test-release|x64.Build.0 = Release|Any CPU
		{A526B34F-25CF-43A3-AA1F-3553253C786E}.sciBASIC.NET-test-release|x86.ActiveCfg = Release|Any CPU
		{A526B34F-25CF-43A3-AA1F-3553253C786E}.sciBASIC.NET-test-release|x86.Build.0 = Release|Any CPU
		{A526B34F-25CF-43A3-AA1F-3553253C786E}.Surveillance-of-infectious-diseases|Any CPU.ActiveCfg = Release|Any CPU
		{A526B34F-25CF-43A3-AA1F-3553253C786E}.Surveillance-of-infectious-diseases|Any CPU.Build.0 = Release|Any CPU
		{A526B34F-25CF-43A3-AA1F-3553253C786E}.Surveillance-of-infectious-diseases|x64.ActiveCfg = Release|Any CPU
		{A526B34F-25CF-43A3-AA1F-3553253C786E}.Surveillance-of-infectious-diseases|x64.Build.0 = Release|Any CPU
		{A526B34F-25CF-43A3-AA1F-3553253C786E}.Surveillance-of-infectious-diseases|x86.ActiveCfg = Release|Any CPU
		{A526B34F-25CF-43A3-AA1F-3553253C786E}.Surveillance-of-infectious-diseases|x86.Build.0 = Release|Any CPU
		{A526B34F-25CF-43A3-AA1F-3553253C786E}.Yilia-Release_x64|Any CPU.ActiveCfg = Release|Any CPU
		{A526B34F-25CF-43A3-AA1F-3553253C786E}.Yilia-Release_x64|Any CPU.Build.0 = Release|Any CPU
		{A526B34F-25CF-43A3-AA1F-3553253C786E}.Yilia-Release_x64|x64.ActiveCfg = Release|Any CPU
		{A526B34F-25CF-43A3-AA1F-3553253C786E}.Yilia-Release_x64|x64.Build.0 = Release|Any CPU
		{A526B34F-25CF-43A3-AA1F-3553253C786E}.Yilia-Release_x64|x86.ActiveCfg = Release|Any CPU
		{A526B34F-25CF-43A3-AA1F-3553253C786E}.Yilia-Release_x64|x86.Build.0 = Release|Any CPU
		{5A382E58-BFFB-47E9-867B-5781E2FE601C}.Biodeep_UNIX_x64|Any CPU.ActiveCfg = Release|Any CPU
		{5A382E58-BFFB-47E9-867B-5781E2FE601C}.Biodeep_UNIX_x64|Any CPU.Build.0 = Release|Any CPU
		{5A382E58-BFFB-47E9-867B-5781E2FE601C}.Biodeep_UNIX_x64|x64.ActiveCfg = Release|Any CPU
		{5A382E58-BFFB-47E9-867B-5781E2FE601C}.Biodeep_UNIX_x64|x64.Build.0 = Release|Any CPU
		{5A382E58-BFFB-47E9-867B-5781E2FE601C}.Biodeep_UNIX_x64|x86.ActiveCfg = Release|Any CPU
		{5A382E58-BFFB-47E9-867B-5781E2FE601C}.Biodeep_UNIX_x64|x86.Build.0 = Release|Any CPU
		{5A382E58-BFFB-47E9-867B-5781E2FE601C}.Biodeep|Any CPU.ActiveCfg = Release|Any CPU
		{5A382E58-BFFB-47E9-867B-5781E2FE601C}.Biodeep|Any CPU.Build.0 = Release|Any CPU
		{5A382E58-BFFB-47E9-867B-5781E2FE601C}.Biodeep|x64.ActiveCfg = Release|Any CPU
		{5A382E58-BFFB-47E9-867B-5781E2FE601C}.Biodeep|x64.Build.0 = Release|Any CPU
		{5A382E58-BFFB-47E9-867B-5781E2FE601C}.Biodeep|x86.ActiveCfg = Release|Any CPU
		{5A382E58-BFFB-47E9-867B-5781E2FE601C}.Biodeep|x86.Build.0 = Release|Any CPU
		{5A382E58-BFFB-47E9-867B-5781E2FE601C}.Biostack|Any CPU.ActiveCfg = Release|Any CPU
		{5A382E58-BFFB-47E9-867B-5781E2FE601C}.Biostack|Any CPU.Build.0 = Release|Any CPU
		{5A382E58-BFFB-47E9-867B-5781E2FE601C}.Biostack|x64.ActiveCfg = Release|Any CPU
		{5A382E58-BFFB-47E9-867B-5781E2FE601C}.Biostack|x64.Build.0 = Release|Any CPU
		{5A382E58-BFFB-47E9-867B-5781E2FE601C}.Biostack|x86.ActiveCfg = Release|Any CPU
		{5A382E58-BFFB-47E9-867B-5781E2FE601C}.Biostack|x86.Build.0 = Release|Any CPU
		{5A382E58-BFFB-47E9-867B-5781E2FE601C}.Biostack-Debug|Any CPU.ActiveCfg = Debug|Any CPU
		{5A382E58-BFFB-47E9-867B-5781E2FE601C}.Biostack-Debug|Any CPU.Build.0 = Debug|Any CPU
		{5A382E58-BFFB-47E9-867B-5781E2FE601C}.Biostack-Debug|x64.ActiveCfg = Debug|Any CPU
		{5A382E58-BFFB-47E9-867B-5781E2FE601C}.Biostack-Debug|x64.Build.0 = Debug|Any CPU
		{5A382E58-BFFB-47E9-867B-5781E2FE601C}.Biostack-Debug|x86.ActiveCfg = Debug|Any CPU
		{5A382E58-BFFB-47E9-867B-5781E2FE601C}.Biostack-Debug|x86.Build.0 = Debug|Any CPU
		{5A382E58-BFFB-47E9-867B-5781E2FE601C}.Debug|Any CPU.ActiveCfg = Debug|Any CPU
		{5A382E58-BFFB-47E9-867B-5781E2FE601C}.Debug|Any CPU.Build.0 = Debug|Any CPU
		{5A382E58-BFFB-47E9-867B-5781E2FE601C}.Debug|x64.ActiveCfg = Debug|Any CPU
		{5A382E58-BFFB-47E9-867B-5781E2FE601C}.Debug|x64.Build.0 = Debug|Any CPU
		{5A382E58-BFFB-47E9-867B-5781E2FE601C}.Debug|x86.ActiveCfg = Debug|Any CPU
		{5A382E58-BFFB-47E9-867B-5781E2FE601C}.Debug|x86.Build.0 = Debug|Any CPU
		{5A382E58-BFFB-47E9-867B-5781E2FE601C}.DEMO|Any CPU.ActiveCfg = Debug|Any CPU
		{5A382E58-BFFB-47E9-867B-5781E2FE601C}.DEMO|Any CPU.Build.0 = Debug|Any CPU
		{5A382E58-BFFB-47E9-867B-5781E2FE601C}.DEMO|x64.ActiveCfg = Debug|Any CPU
		{5A382E58-BFFB-47E9-867B-5781E2FE601C}.DEMO|x64.Build.0 = Debug|Any CPU
		{5A382E58-BFFB-47E9-867B-5781E2FE601C}.DEMO|x86.ActiveCfg = Debug|Any CPU
		{5A382E58-BFFB-47E9-867B-5781E2FE601C}.DEMO|x86.Build.0 = Debug|Any CPU
		{5A382E58-BFFB-47E9-867B-5781E2FE601C}.docs|Any CPU.ActiveCfg = Debug|Any CPU
		{5A382E58-BFFB-47E9-867B-5781E2FE601C}.docs|Any CPU.Build.0 = Debug|Any CPU
		{5A382E58-BFFB-47E9-867B-5781E2FE601C}.docs|x64.ActiveCfg = Debug|Any CPU
		{5A382E58-BFFB-47E9-867B-5781E2FE601C}.docs|x64.Build.0 = Debug|Any CPU
		{5A382E58-BFFB-47E9-867B-5781E2FE601C}.docs|x86.ActiveCfg = Debug|Any CPU
		{5A382E58-BFFB-47E9-867B-5781E2FE601C}.docs|x86.Build.0 = Debug|Any CPU
		{5A382E58-BFFB-47E9-867B-5781E2FE601C}.GCModeller(Release_X64)|Any CPU.ActiveCfg = Release|Any CPU
		{5A382E58-BFFB-47E9-867B-5781E2FE601C}.GCModeller(Release_X64)|Any CPU.Build.0 = Release|Any CPU
		{5A382E58-BFFB-47E9-867B-5781E2FE601C}.GCModeller(Release_X64)|x64.ActiveCfg = Release|Any CPU
		{5A382E58-BFFB-47E9-867B-5781E2FE601C}.GCModeller(Release_X64)|x64.Build.0 = Release|Any CPU
		{5A382E58-BFFB-47E9-867B-5781E2FE601C}.GCModeller(Release_X64)|x86.ActiveCfg = Release|Any CPU
		{5A382E58-BFFB-47E9-867B-5781E2FE601C}.GCModeller(Release_X64)|x86.Build.0 = Release|Any CPU
		{5A382E58-BFFB-47E9-867B-5781E2FE601C}.GCModeller(UNIX-Release_X64)|Any CPU.ActiveCfg = Release|Any CPU
		{5A382E58-BFFB-47E9-867B-5781E2FE601C}.GCModeller(UNIX-Release_X64)|Any CPU.Build.0 = Release|Any CPU
		{5A382E58-BFFB-47E9-867B-5781E2FE601C}.GCModeller(UNIX-Release_X64)|x64.ActiveCfg = Release|Any CPU
		{5A382E58-BFFB-47E9-867B-5781E2FE601C}.GCModeller(UNIX-Release_X64)|x64.Build.0 = Release|Any CPU
		{5A382E58-BFFB-47E9-867B-5781E2FE601C}.GCModeller(UNIX-Release_X64)|x86.ActiveCfg = Release|Any CPU
		{5A382E58-BFFB-47E9-867B-5781E2FE601C}.GCModeller(UNIX-Release_X64)|x86.Build.0 = Release|Any CPU
		{5A382E58-BFFB-47E9-867B-5781E2FE601C}.installer_x64|Any CPU.ActiveCfg = Release|Any CPU
		{5A382E58-BFFB-47E9-867B-5781E2FE601C}.installer_x64|Any CPU.Build.0 = Release|Any CPU
		{5A382E58-BFFB-47E9-867B-5781E2FE601C}.installer_x64|x64.ActiveCfg = Release|Any CPU
		{5A382E58-BFFB-47E9-867B-5781E2FE601C}.installer_x64|x64.Build.0 = Release|Any CPU
		{5A382E58-BFFB-47E9-867B-5781E2FE601C}.installer_x64|x86.ActiveCfg = Release|Any CPU
		{5A382E58-BFFB-47E9-867B-5781E2FE601C}.installer_x64|x86.Build.0 = Release|Any CPU
		{5A382E58-BFFB-47E9-867B-5781E2FE601C}.mysqli_X64_release|Any CPU.ActiveCfg = Release|Any CPU
		{5A382E58-BFFB-47E9-867B-5781E2FE601C}.mysqli_X64_release|Any CPU.Build.0 = Release|Any CPU
		{5A382E58-BFFB-47E9-867B-5781E2FE601C}.mysqli_X64_release|x64.ActiveCfg = Release|Any CPU
		{5A382E58-BFFB-47E9-867B-5781E2FE601C}.mysqli_X64_release|x64.Build.0 = Release|Any CPU
		{5A382E58-BFFB-47E9-867B-5781E2FE601C}.mysqli_X64_release|x86.ActiveCfg = Release|Any CPU
		{5A382E58-BFFB-47E9-867B-5781E2FE601C}.mysqli_X64_release|x86.Build.0 = Release|Any CPU
		{5A382E58-BFFB-47E9-867B-5781E2FE601C}.ProteoWizard.d|Any CPU.ActiveCfg = Release|Any CPU
		{5A382E58-BFFB-47E9-867B-5781E2FE601C}.ProteoWizard.d|Any CPU.Build.0 = Release|Any CPU
		{5A382E58-BFFB-47E9-867B-5781E2FE601C}.ProteoWizard.d|x64.ActiveCfg = Release|Any CPU
		{5A382E58-BFFB-47E9-867B-5781E2FE601C}.ProteoWizard.d|x64.Build.0 = Release|Any CPU
		{5A382E58-BFFB-47E9-867B-5781E2FE601C}.ProteoWizard.d|x86.ActiveCfg = Release|Any CPU
		{5A382E58-BFFB-47E9-867B-5781E2FE601C}.ProteoWizard.d|x86.Build.0 = Release|Any CPU
		{5A382E58-BFFB-47E9-867B-5781E2FE601C}.Publish|Any CPU.ActiveCfg = Release|Any CPU
		{5A382E58-BFFB-47E9-867B-5781E2FE601C}.Publish|Any CPU.Build.0 = Release|Any CPU
		{5A382E58-BFFB-47E9-867B-5781E2FE601C}.Publish|x64.ActiveCfg = Release|Any CPU
		{5A382E58-BFFB-47E9-867B-5781E2FE601C}.Publish|x64.Build.0 = Release|Any CPU
		{5A382E58-BFFB-47E9-867B-5781E2FE601C}.Publish|x86.ActiveCfg = Release|Any CPU
		{5A382E58-BFFB-47E9-867B-5781E2FE601C}.Publish|x86.Build.0 = Release|Any CPU
		{5A382E58-BFFB-47E9-867B-5781E2FE601C}.Release|Any CPU.ActiveCfg = Release|Any CPU
		{5A382E58-BFFB-47E9-867B-5781E2FE601C}.Release|Any CPU.Build.0 = Release|Any CPU
		{5A382E58-BFFB-47E9-867B-5781E2FE601C}.Release|x64.ActiveCfg = Release|Any CPU
		{5A382E58-BFFB-47E9-867B-5781E2FE601C}.Release|x64.Build.0 = Release|Any CPU
		{5A382E58-BFFB-47E9-867B-5781E2FE601C}.Release|x86.ActiveCfg = Release|Any CPU
		{5A382E58-BFFB-47E9-867B-5781E2FE601C}.Release|x86.Build.0 = Release|Any CPU
		{5A382E58-BFFB-47E9-867B-5781E2FE601C}.sciBASIC.NET-test-release|Any CPU.ActiveCfg = Release|Any CPU
		{5A382E58-BFFB-47E9-867B-5781E2FE601C}.sciBASIC.NET-test-release|Any CPU.Build.0 = Release|Any CPU
		{5A382E58-BFFB-47E9-867B-5781E2FE601C}.sciBASIC.NET-test-release|x64.ActiveCfg = Release|Any CPU
		{5A382E58-BFFB-47E9-867B-5781E2FE601C}.sciBASIC.NET-test-release|x64.Build.0 = Release|Any CPU
		{5A382E58-BFFB-47E9-867B-5781E2FE601C}.sciBASIC.NET-test-release|x86.ActiveCfg = Release|Any CPU
		{5A382E58-BFFB-47E9-867B-5781E2FE601C}.sciBASIC.NET-test-release|x86.Build.0 = Release|Any CPU
		{5A382E58-BFFB-47E9-867B-5781E2FE601C}.Surveillance-of-infectious-diseases|Any CPU.ActiveCfg = Release|Any CPU
		{5A382E58-BFFB-47E9-867B-5781E2FE601C}.Surveillance-of-infectious-diseases|Any CPU.Build.0 = Release|Any CPU
		{5A382E58-BFFB-47E9-867B-5781E2FE601C}.Surveillance-of-infectious-diseases|x64.ActiveCfg = Release|Any CPU
		{5A382E58-BFFB-47E9-867B-5781E2FE601C}.Surveillance-of-infectious-diseases|x64.Build.0 = Release|Any CPU
		{5A382E58-BFFB-47E9-867B-5781E2FE601C}.Surveillance-of-infectious-diseases|x86.ActiveCfg = Release|Any CPU
		{5A382E58-BFFB-47E9-867B-5781E2FE601C}.Surveillance-of-infectious-diseases|x86.Build.0 = Release|Any CPU
		{5A382E58-BFFB-47E9-867B-5781E2FE601C}.Yilia-Release_x64|Any CPU.ActiveCfg = Release|Any CPU
		{5A382E58-BFFB-47E9-867B-5781E2FE601C}.Yilia-Release_x64|Any CPU.Build.0 = Release|Any CPU
		{5A382E58-BFFB-47E9-867B-5781E2FE601C}.Yilia-Release_x64|x64.ActiveCfg = Release|Any CPU
		{5A382E58-BFFB-47E9-867B-5781E2FE601C}.Yilia-Release_x64|x64.Build.0 = Release|Any CPU
		{5A382E58-BFFB-47E9-867B-5781E2FE601C}.Yilia-Release_x64|x86.ActiveCfg = Release|Any CPU
		{5A382E58-BFFB-47E9-867B-5781E2FE601C}.Yilia-Release_x64|x86.Build.0 = Release|Any CPU
		{FECCE1FD-E1D4-49E3-A668-60BB5E7AED99}.Biodeep_UNIX_x64|Any CPU.ActiveCfg = Biodeep_UNIX_x64|Any CPU
		{FECCE1FD-E1D4-49E3-A668-60BB5E7AED99}.Biodeep_UNIX_x64|Any CPU.Build.0 = Biodeep_UNIX_x64|Any CPU
		{FECCE1FD-E1D4-49E3-A668-60BB5E7AED99}.Biodeep_UNIX_x64|x64.ActiveCfg = Biodeep_UNIX_x64|x64
		{FECCE1FD-E1D4-49E3-A668-60BB5E7AED99}.Biodeep_UNIX_x64|x64.Build.0 = Biodeep_UNIX_x64|x64
		{FECCE1FD-E1D4-49E3-A668-60BB5E7AED99}.Biodeep_UNIX_x64|x86.ActiveCfg = Biodeep_UNIX_x64|x86
		{FECCE1FD-E1D4-49E3-A668-60BB5E7AED99}.Biodeep_UNIX_x64|x86.Build.0 = Biodeep_UNIX_x64|x86
		{FECCE1FD-E1D4-49E3-A668-60BB5E7AED99}.Biodeep|Any CPU.ActiveCfg = Biodeep|Any CPU
		{FECCE1FD-E1D4-49E3-A668-60BB5E7AED99}.Biodeep|Any CPU.Build.0 = Biodeep|Any CPU
		{FECCE1FD-E1D4-49E3-A668-60BB5E7AED99}.Biodeep|x64.ActiveCfg = Biodeep|x64
		{FECCE1FD-E1D4-49E3-A668-60BB5E7AED99}.Biodeep|x64.Build.0 = Biodeep|x64
		{FECCE1FD-E1D4-49E3-A668-60BB5E7AED99}.Biodeep|x86.ActiveCfg = Biodeep|x86
		{FECCE1FD-E1D4-49E3-A668-60BB5E7AED99}.Biodeep|x86.Build.0 = Biodeep|x86
		{FECCE1FD-E1D4-49E3-A668-60BB5E7AED99}.Biostack|Any CPU.ActiveCfg = Biostack|Any CPU
		{FECCE1FD-E1D4-49E3-A668-60BB5E7AED99}.Biostack|Any CPU.Build.0 = Biostack|Any CPU
		{FECCE1FD-E1D4-49E3-A668-60BB5E7AED99}.Biostack|x64.ActiveCfg = Biostack|x64
		{FECCE1FD-E1D4-49E3-A668-60BB5E7AED99}.Biostack|x64.Build.0 = Biostack|x64
		{FECCE1FD-E1D4-49E3-A668-60BB5E7AED99}.Biostack|x86.ActiveCfg = Biostack|x86
		{FECCE1FD-E1D4-49E3-A668-60BB5E7AED99}.Biostack|x86.Build.0 = Biostack|x86
		{FECCE1FD-E1D4-49E3-A668-60BB5E7AED99}.Biostack-Debug|Any CPU.ActiveCfg = Biostack-Debug|Any CPU
		{FECCE1FD-E1D4-49E3-A668-60BB5E7AED99}.Biostack-Debug|Any CPU.Build.0 = Biostack-Debug|Any CPU
		{FECCE1FD-E1D4-49E3-A668-60BB5E7AED99}.Biostack-Debug|x64.ActiveCfg = Biostack-Debug|x64
		{FECCE1FD-E1D4-49E3-A668-60BB5E7AED99}.Biostack-Debug|x64.Build.0 = Biostack-Debug|x64
		{FECCE1FD-E1D4-49E3-A668-60BB5E7AED99}.Biostack-Debug|x86.ActiveCfg = Biostack-Debug|x86
		{FECCE1FD-E1D4-49E3-A668-60BB5E7AED99}.Biostack-Debug|x86.Build.0 = Biostack-Debug|x86
		{FECCE1FD-E1D4-49E3-A668-60BB5E7AED99}.Debug|Any CPU.ActiveCfg = Debug|Any CPU
		{FECCE1FD-E1D4-49E3-A668-60BB5E7AED99}.Debug|Any CPU.Build.0 = Debug|Any CPU
		{FECCE1FD-E1D4-49E3-A668-60BB5E7AED99}.Debug|x64.ActiveCfg = Debug|x64
		{FECCE1FD-E1D4-49E3-A668-60BB5E7AED99}.Debug|x64.Build.0 = Debug|x64
		{FECCE1FD-E1D4-49E3-A668-60BB5E7AED99}.Debug|x86.ActiveCfg = Debug|x86
		{FECCE1FD-E1D4-49E3-A668-60BB5E7AED99}.Debug|x86.Build.0 = Debug|x86
		{FECCE1FD-E1D4-49E3-A668-60BB5E7AED99}.DEMO|Any CPU.ActiveCfg = DEMO|Any CPU
		{FECCE1FD-E1D4-49E3-A668-60BB5E7AED99}.DEMO|Any CPU.Build.0 = DEMO|Any CPU
		{FECCE1FD-E1D4-49E3-A668-60BB5E7AED99}.DEMO|x64.ActiveCfg = DEMO|x64
		{FECCE1FD-E1D4-49E3-A668-60BB5E7AED99}.DEMO|x64.Build.0 = DEMO|x64
		{FECCE1FD-E1D4-49E3-A668-60BB5E7AED99}.DEMO|x86.ActiveCfg = DEMO|x86
		{FECCE1FD-E1D4-49E3-A668-60BB5E7AED99}.DEMO|x86.Build.0 = DEMO|x86
		{FECCE1FD-E1D4-49E3-A668-60BB5E7AED99}.docs|Any CPU.ActiveCfg = docs|Any CPU
		{FECCE1FD-E1D4-49E3-A668-60BB5E7AED99}.docs|Any CPU.Build.0 = docs|Any CPU
		{FECCE1FD-E1D4-49E3-A668-60BB5E7AED99}.docs|x64.ActiveCfg = docs|x64
		{FECCE1FD-E1D4-49E3-A668-60BB5E7AED99}.docs|x64.Build.0 = docs|x64
		{FECCE1FD-E1D4-49E3-A668-60BB5E7AED99}.docs|x86.ActiveCfg = docs|x86
		{FECCE1FD-E1D4-49E3-A668-60BB5E7AED99}.docs|x86.Build.0 = docs|x86
		{FECCE1FD-E1D4-49E3-A668-60BB5E7AED99}.GCModeller(Release_X64)|Any CPU.ActiveCfg = GCModeller(Release_X64)|Any CPU
		{FECCE1FD-E1D4-49E3-A668-60BB5E7AED99}.GCModeller(Release_X64)|Any CPU.Build.0 = GCModeller(Release_X64)|Any CPU
		{FECCE1FD-E1D4-49E3-A668-60BB5E7AED99}.GCModeller(Release_X64)|x64.ActiveCfg = GCModeller(Release_X64)|x64
		{FECCE1FD-E1D4-49E3-A668-60BB5E7AED99}.GCModeller(Release_X64)|x64.Build.0 = GCModeller(Release_X64)|x64
		{FECCE1FD-E1D4-49E3-A668-60BB5E7AED99}.GCModeller(Release_X64)|x86.ActiveCfg = GCModeller(Release_X64)|x86
		{FECCE1FD-E1D4-49E3-A668-60BB5E7AED99}.GCModeller(Release_X64)|x86.Build.0 = GCModeller(Release_X64)|x86
		{FECCE1FD-E1D4-49E3-A668-60BB5E7AED99}.GCModeller(UNIX-Release_X64)|Any CPU.ActiveCfg = GCModeller(UNIX-Release_X64)|Any CPU
		{FECCE1FD-E1D4-49E3-A668-60BB5E7AED99}.GCModeller(UNIX-Release_X64)|Any CPU.Build.0 = GCModeller(UNIX-Release_X64)|Any CPU
		{FECCE1FD-E1D4-49E3-A668-60BB5E7AED99}.GCModeller(UNIX-Release_X64)|x64.ActiveCfg = GCModeller(UNIX-Release_X64)|x64
		{FECCE1FD-E1D4-49E3-A668-60BB5E7AED99}.GCModeller(UNIX-Release_X64)|x64.Build.0 = GCModeller(UNIX-Release_X64)|x64
		{FECCE1FD-E1D4-49E3-A668-60BB5E7AED99}.GCModeller(UNIX-Release_X64)|x86.ActiveCfg = GCModeller(UNIX-Release_X64)|x86
		{FECCE1FD-E1D4-49E3-A668-60BB5E7AED99}.GCModeller(UNIX-Release_X64)|x86.Build.0 = GCModeller(UNIX-Release_X64)|x86
		{FECCE1FD-E1D4-49E3-A668-60BB5E7AED99}.installer_x64|Any CPU.ActiveCfg = installer_x64|Any CPU
		{FECCE1FD-E1D4-49E3-A668-60BB5E7AED99}.installer_x64|Any CPU.Build.0 = installer_x64|Any CPU
		{FECCE1FD-E1D4-49E3-A668-60BB5E7AED99}.installer_x64|x64.ActiveCfg = installer_x64|x64
		{FECCE1FD-E1D4-49E3-A668-60BB5E7AED99}.installer_x64|x64.Build.0 = installer_x64|x64
		{FECCE1FD-E1D4-49E3-A668-60BB5E7AED99}.installer_x64|x86.ActiveCfg = installer_x64|x86
		{FECCE1FD-E1D4-49E3-A668-60BB5E7AED99}.installer_x64|x86.Build.0 = installer_x64|x86
		{FECCE1FD-E1D4-49E3-A668-60BB5E7AED99}.mysqli_X64_release|Any CPU.ActiveCfg = mysqli_X64_release|Any CPU
		{FECCE1FD-E1D4-49E3-A668-60BB5E7AED99}.mysqli_X64_release|Any CPU.Build.0 = mysqli_X64_release|Any CPU
		{FECCE1FD-E1D4-49E3-A668-60BB5E7AED99}.mysqli_X64_release|x64.ActiveCfg = mysqli_X64_release|x64
		{FECCE1FD-E1D4-49E3-A668-60BB5E7AED99}.mysqli_X64_release|x64.Build.0 = mysqli_X64_release|x64
		{FECCE1FD-E1D4-49E3-A668-60BB5E7AED99}.mysqli_X64_release|x86.ActiveCfg = mysqli_X64_release|x86
		{FECCE1FD-E1D4-49E3-A668-60BB5E7AED99}.mysqli_X64_release|x86.Build.0 = mysqli_X64_release|x86
		{FECCE1FD-E1D4-49E3-A668-60BB5E7AED99}.ProteoWizard.d|Any CPU.ActiveCfg = ProteoWizard.d|Any CPU
		{FECCE1FD-E1D4-49E3-A668-60BB5E7AED99}.ProteoWizard.d|Any CPU.Build.0 = ProteoWizard.d|Any CPU
		{FECCE1FD-E1D4-49E3-A668-60BB5E7AED99}.ProteoWizard.d|x64.ActiveCfg = ProteoWizard.d|x64
		{FECCE1FD-E1D4-49E3-A668-60BB5E7AED99}.ProteoWizard.d|x64.Build.0 = ProteoWizard.d|x64
		{FECCE1FD-E1D4-49E3-A668-60BB5E7AED99}.ProteoWizard.d|x86.ActiveCfg = ProteoWizard.d|x86
		{FECCE1FD-E1D4-49E3-A668-60BB5E7AED99}.ProteoWizard.d|x86.Build.0 = ProteoWizard.d|x86
		{FECCE1FD-E1D4-49E3-A668-60BB5E7AED99}.Publish|Any CPU.ActiveCfg = Publish|Any CPU
		{FECCE1FD-E1D4-49E3-A668-60BB5E7AED99}.Publish|Any CPU.Build.0 = Publish|Any CPU
		{FECCE1FD-E1D4-49E3-A668-60BB5E7AED99}.Publish|x64.ActiveCfg = Publish|x64
		{FECCE1FD-E1D4-49E3-A668-60BB5E7AED99}.Publish|x64.Build.0 = Publish|x64
		{FECCE1FD-E1D4-49E3-A668-60BB5E7AED99}.Publish|x86.ActiveCfg = Publish|x86
		{FECCE1FD-E1D4-49E3-A668-60BB5E7AED99}.Publish|x86.Build.0 = Publish|x86
		{FECCE1FD-E1D4-49E3-A668-60BB5E7AED99}.Release|Any CPU.ActiveCfg = Release|Any CPU
		{FECCE1FD-E1D4-49E3-A668-60BB5E7AED99}.Release|Any CPU.Build.0 = Release|Any CPU
		{FECCE1FD-E1D4-49E3-A668-60BB5E7AED99}.Release|x64.ActiveCfg = Release|x64
		{FECCE1FD-E1D4-49E3-A668-60BB5E7AED99}.Release|x64.Build.0 = Release|x64
		{FECCE1FD-E1D4-49E3-A668-60BB5E7AED99}.Release|x86.ActiveCfg = Release|x86
		{FECCE1FD-E1D4-49E3-A668-60BB5E7AED99}.Release|x86.Build.0 = Release|x86
		{FECCE1FD-E1D4-49E3-A668-60BB5E7AED99}.sciBASIC.NET-test-release|Any CPU.ActiveCfg = sciBASIC.NET-test-release|Any CPU
		{FECCE1FD-E1D4-49E3-A668-60BB5E7AED99}.sciBASIC.NET-test-release|Any CPU.Build.0 = sciBASIC.NET-test-release|Any CPU
		{FECCE1FD-E1D4-49E3-A668-60BB5E7AED99}.sciBASIC.NET-test-release|x64.ActiveCfg = sciBASIC.NET-test-release|x64
		{FECCE1FD-E1D4-49E3-A668-60BB5E7AED99}.sciBASIC.NET-test-release|x64.Build.0 = sciBASIC.NET-test-release|x64
		{FECCE1FD-E1D4-49E3-A668-60BB5E7AED99}.sciBASIC.NET-test-release|x86.ActiveCfg = sciBASIC.NET-test-release|x86
		{FECCE1FD-E1D4-49E3-A668-60BB5E7AED99}.sciBASIC.NET-test-release|x86.Build.0 = sciBASIC.NET-test-release|x86
		{FECCE1FD-E1D4-49E3-A668-60BB5E7AED99}.Surveillance-of-infectious-diseases|Any CPU.ActiveCfg = Surveillance-of-infectious-diseases|Any CPU
		{FECCE1FD-E1D4-49E3-A668-60BB5E7AED99}.Surveillance-of-infectious-diseases|Any CPU.Build.0 = Surveillance-of-infectious-diseases|Any CPU
		{FECCE1FD-E1D4-49E3-A668-60BB5E7AED99}.Surveillance-of-infectious-diseases|x64.ActiveCfg = Surveillance-of-infectious-diseases|x64
		{FECCE1FD-E1D4-49E3-A668-60BB5E7AED99}.Surveillance-of-infectious-diseases|x64.Build.0 = Surveillance-of-infectious-diseases|x64
		{FECCE1FD-E1D4-49E3-A668-60BB5E7AED99}.Surveillance-of-infectious-diseases|x86.ActiveCfg = Surveillance-of-infectious-diseases|x86
		{FECCE1FD-E1D4-49E3-A668-60BB5E7AED99}.Surveillance-of-infectious-diseases|x86.Build.0 = Surveillance-of-infectious-diseases|x86
		{FECCE1FD-E1D4-49E3-A668-60BB5E7AED99}.Yilia-Release_x64|Any CPU.ActiveCfg = Yilia-Release_x64|Any CPU
		{FECCE1FD-E1D4-49E3-A668-60BB5E7AED99}.Yilia-Release_x64|Any CPU.Build.0 = Yilia-Release_x64|Any CPU
		{FECCE1FD-E1D4-49E3-A668-60BB5E7AED99}.Yilia-Release_x64|x64.ActiveCfg = Yilia-Release_x64|x64
		{FECCE1FD-E1D4-49E3-A668-60BB5E7AED99}.Yilia-Release_x64|x64.Build.0 = Yilia-Release_x64|x64
		{FECCE1FD-E1D4-49E3-A668-60BB5E7AED99}.Yilia-Release_x64|x86.ActiveCfg = Yilia-Release_x64|x86
		{FECCE1FD-E1D4-49E3-A668-60BB5E7AED99}.Yilia-Release_x64|x86.Build.0 = Yilia-Release_x64|x86
	EndGlobalSection
	GlobalSection(SolutionProperties) = preSolution
		HideSolutionNode = FALSE
	EndGlobalSection
	GlobalSection(ExtensibilityGlobals) = postSolution
		SolutionGuid = {39CC31E7-2F7F-491E-86DB-ED35D5A3DC5E}
	EndGlobalSection
EndGlobal
