
Microsoft Visual Studio Solution File, Format Version 12.00
# Visual Studio 15
VisualStudioVersion = 15.0.28010.2041
MinimumVisualStudioVersion = 10.0.40219.1
Project("{F184B08F-C81C-45F6-A57F-5ABD9991F28F}") = "GTA5CinematicCamera", "GTA5CinematicCamera.vbproj", "{C4DEC769-BAD2-474E-A232-1BE7E1BE081D}"
EndProject
Global
	GlobalSection(SolutionConfigurationPlatforms) = preSolution
		Debug|Any CPU = Debug|Any CPU
		Debug|x64 = Debug|x64
		Release|Any CPU = Release|Any CPU
		Release|x64 = Release|x64
		TestMyGame|Any CPU = TestMyGame|Any CPU
		TestMyGame|x64 = TestMyGame|x64
	EndGlobalSection
	GlobalSection(ProjectConfigurationPlatforms) = postSolution
		{C4DEC769-BAD2-474E-A232-1BE7E1BE081D}.Debug|Any CPU.ActiveCfg = Debug|Any CPU
		{C4DEC769-BAD2-474E-A232-1BE7E1BE081D}.Debug|Any CPU.Build.0 = Debug|Any CPU
		{C4DEC769-BAD2-474E-A232-1BE7E1BE081D}.Debug|x64.ActiveCfg = Debug|x64
		{C4DEC769-BAD2-474E-A232-1BE7E1BE081D}.Debug|x64.Build.0 = Debug|x64
		{C4DEC769-BAD2-474E-A232-1BE7E1BE081D}.Release|Any CPU.ActiveCfg = Release|Any CPU
		{C4DEC769-BAD2-474E-A232-1BE7E1BE081D}.Release|Any CPU.Build.0 = Release|Any CPU
		{C4DEC769-BAD2-474E-A232-1BE7E1BE081D}.Release|x64.ActiveCfg = Release|x64
		{C4DEC769-BAD2-474E-A232-1BE7E1BE081D}.Release|x64.Build.0 = Release|x64
		{C4DEC769-BAD2-474E-A232-1BE7E1BE081D}.TestMyGame|Any CPU.ActiveCfg = TestMyGame|Any CPU
		{C4DEC769-BAD2-474E-A232-1BE7E1BE081D}.TestMyGame|Any CPU.Build.0 = TestMyGame|Any CPU
		{C4DEC769-BAD2-474E-A232-1BE7E1BE081D}.TestMyGame|x64.ActiveCfg = TestMyGame|x64
		{C4DEC769-BAD2-474E-A232-1BE7E1BE081D}.TestMyGame|x64.Build.0 = TestMyGame|x64
	EndGlobalSection
	GlobalSection(SolutionProperties) = preSolution
		HideSolutionNode = FALSE
	EndGlobalSection
	GlobalSection(ExtensibilityGlobals) = postSolution
		SolutionGuid = {9DED633F-C1BE-4FC8-BAEA-B717CF079442}
	EndGlobalSection
EndGlobal
